
Microsoft Visual Studio Solution File, Format Version 12.00
# Visual Studio Version 16
VisualStudioVersion = 16.0.31702.278
MinimumVisualStudioVersion = 10.0.40219.1
Project("{FAE04EC0-301F-11D3-BF4B-00C04F79EFBC}") = "BlazerDockerTest", "BlazerDockerTest\BlazerDockerTest.csproj", "{141FD6FF-FAFD-498D-BA60-AD3D3ADAF265}"
EndProject
Global
	GlobalSection(SolutionConfigurationPlatforms) = preSolution
		Debug|Any CPU = Debug|Any CPU
		Release|Any CPU = Release|Any CPU
	EndGlobalSection
	GlobalSection(ProjectConfigurationPlatforms) = postSolution
		{141FD6FF-FAFD-498D-BA60-AD3D3ADAF265}.Debug|Any CPU.ActiveCfg = Debug|Any CPU
		{141FD6FF-FAFD-498D-BA60-AD3D3ADAF265}.Debug|Any CPU.Build.0 = Debug|Any CPU
		{141FD6FF-FAFD-498D-BA60-AD3D3ADAF265}.Release|Any CPU.ActiveCfg = Release|Any CPU
		{141FD6FF-FAFD-498D-BA60-AD3D3ADAF265}.Release|Any CPU.Build.0 = Release|Any CPU
	EndGlobalSection
	GlobalSection(SolutionProperties) = preSolution
		HideSolutionNode = FALSE
	EndGlobalSection
	GlobalSection(ExtensibilityGlobals) = postSolution
		SolutionGuid = {4D5973AB-E345-4508-9467-9234539C465E}
	EndGlobalSection
EndGlobal
